// !$*UTF8*$!
{
	archiveVersion = 1;
	classes = {
	};
	objectVersion = 46;
	objects = {

/* Begin PBXBuildFile section */
		6D485D461C2BBBBA003DB9C0 /* AppDelegate.swift in Sources */ = {isa = PBXBuildFile; fileRef = 6D485D451C2BBBBA003DB9C0 /* AppDelegate.swift */; };
		6D485D481C2BBBBA003DB9C0 /* ViewController.swift in Sources */ = {isa = PBXBuildFile; fileRef = 6D485D471C2BBBBA003DB9C0 /* ViewController.swift */; };
		6D485D4B1C2BBBBA003DB9C0 /* Main.storyboard in Resources */ = {isa = PBXBuildFile; fileRef = 6D485D491C2BBBBA003DB9C0 /* Main.storyboard */; };
		6D485D4D1C2BBBBA003DB9C0 /* Assets.xcassets in Resources */ = {isa = PBXBuildFile; fileRef = 6D485D4C1C2BBBBA003DB9C0 /* Assets.xcassets */; };
		6D485D501C2BBBBA003DB9C0 /* LaunchScreen.storyboard in Resources */ = {isa = PBXBuildFile; fileRef = 6D485D4E1C2BBBBA003DB9C0 /* LaunchScreen.storyboard */; };
		6D9506061C32602600614EF3 /* TipCalculatorModel.swift in Resources */ = {isa = PBXBuildFile; fileRef = 6DE3574D1C2BCC6700820AB7 /* TipCalculatorModel.swift */; };
		6D983E2C1C35DB2A001DF9A3 /* SettingsViewController.swift in Sources */ = {isa = PBXBuildFile; fileRef = 6D983E2B1C35DB2A001DF9A3 /* SettingsViewController.swift */; };
		6DE3574E1C2BCC6700820AB7 /* TipCalculatorModel.swift in Sources */ = {isa = PBXBuildFile; fileRef = 6DE3574D1C2BCC6700820AB7 /* TipCalculatorModel.swift */; };
/* End PBXBuildFile section */

/* Begin PBXFileReference section */
		6D485D421C2BBBBA003DB9C0 /* TipTap.app */ = {isa = PBXFileReference; explicitFileType = wrapper.application; includeInIndex = 0; path = TipTap.app; sourceTree = BUILT_PRODUCTS_DIR; };
		6D485D451C2BBBBA003DB9C0 /* AppDelegate.swift */ = {isa = PBXFileReference; lastKnownFileType = sourcecode.swift; path = AppDelegate.swift; sourceTree = "<group>"; };
		6D485D471C2BBBBA003DB9C0 /* ViewController.swift */ = {isa = PBXFileReference; lastKnownFileType = sourcecode.swift; path = ViewController.swift; sourceTree = "<group>"; };
		6D485D4A1C2BBBBA003DB9C0 /* Base */ = {isa = PBXFileReference; lastKnownFileType = file.storyboard; name = Base; path = Base.lproj/Main.storyboard; sourceTree = "<group>"; };
		6D485D4C1C2BBBBA003DB9C0 /* Assets.xcassets */ = {isa = PBXFileReference; lastKnownFileType = folder.assetcatalog; path = Assets.xcassets; sourceTree = "<group>"; };
		6D485D4F1C2BBBBA003DB9C0 /* Base */ = {isa = PBXFileReference; lastKnownFileType = file.storyboard; name = Base; path = Base.lproj/LaunchScreen.storyboard; sourceTree = "<group>"; };
		6D485D511C2BBBBA003DB9C0 /* Info.plist */ = {isa = PBXFileReference; lastKnownFileType = text.plist.xml; path = Info.plist; sourceTree = "<group>"; };
		6D983E2B1C35DB2A001DF9A3 /* SettingsViewController.swift */ = {isa = PBXFileReference; fileEncoding = 4; lastKnownFileType = sourcecode.swift; path = SettingsViewController.swift; sourceTree = "<group>"; };
		6DE3574D1C2BCC6700820AB7 /* TipCalculatorModel.swift */ = {isa = PBXFileReference; fileEncoding = 4; lastKnownFileType = sourcecode.swift; path = TipCalculatorModel.swift; sourceTree = "<group>"; };
/* End PBXFileReference section */

/* Begin PBXFrameworksBuildPhase section */
		6D485D3F1C2BBBB9003DB9C0 /* Frameworks */ = {
			isa = PBXFrameworksBuildPhase;
			buildActionMask = 2147483647;
			files = (
			);
			runOnlyForDeploymentPostprocessing = 0;
		};
/* End PBXFrameworksBuildPhase section */

/* Begin PBXGroup section */
		6D485D391C2BBBB9003DB9C0 = {
			isa = PBXGroup;
			children = (
				6DE3574D1C2BCC6700820AB7 /* TipCalculatorModel.swift */,
				6D485D441C2BBBBA003DB9C0 /* TipCalculator */,
				6D485D431C2BBBBA003DB9C0 /* Products */,
			);
			sourceTree = "<group>";
		};
		6D485D431C2BBBBA003DB9C0 /* Products */ = {
			isa = PBXGroup;
			children = (
				6D485D421C2BBBBA003DB9C0 /* TipTap.app */,
			);
			name = Products;
			sourceTree = "<group>";
		};
		6D485D441C2BBBBA003DB9C0 /* TipCalculator */ = {
			isa = PBXGroup;
			children = (
				6D485D451C2BBBBA003DB9C0 /* AppDelegate.swift */,
				6D485D471C2BBBBA003DB9C0 /* ViewController.swift */,
				6D485D491C2BBBBA003DB9C0 /* Main.storyboard */,
				6D983E2B1C35DB2A001DF9A3 /* SettingsViewController.swift */,
				6D485D4C1C2BBBBA003DB9C0 /* Assets.xcassets */,
				6D485D4E1C2BBBBA003DB9C0 /* LaunchScreen.storyboard */,
				6D485D511C2BBBBA003DB9C0 /* Info.plist */,
			);
			path = TipCalculator;
			sourceTree = "<group>";
		};
/* End PBXGroup section */

/* Begin PBXNativeTarget section */
		6D485D411C2BBBB9003DB9C0 /* TipTap */ = {
			isa = PBXNativeTarget;
			buildConfigurationList = 6D485D541C2BBBBA003DB9C0 /* Build configuration list for PBXNativeTarget "TipTap" */;
			buildPhases = (
				6D485D3E1C2BBBB9003DB9C0 /* Sources */,
				6D485D3F1C2BBBB9003DB9C0 /* Frameworks */,
				6D485D401C2BBBB9003DB9C0 /* Resources */,
			);
			buildRules = (
			);
			dependencies = (
			);
			name = TipTap;
			productName = TipCalculator;
			productReference = 6D485D421C2BBBBA003DB9C0 /* TipTap.app */;
			productType = "com.apple.product-type.application";
		};
/* End PBXNativeTarget section */

/* Begin PBXProject section */
		6D485D3A1C2BBBB9003DB9C0 /* Project object */ = {
			isa = PBXProject;
			attributes = {
				LastSwiftUpdateCheck = 0720;
				LastUpgradeCheck = 0720;
				ORGANIZATIONNAME = CodePath;
				TargetAttributes = {
					6D485D411C2BBBB9003DB9C0 = {
						CreatedOnToolsVersion = 7.2;
						DevelopmentTeam = JHXH4Y94JP;
					};
				};
			};
			buildConfigurationList = 6D485D3D1C2BBBB9003DB9C0 /* Build configuration list for PBXProject "TipTap" */;
			compatibilityVersion = "Xcode 3.2";
			developmentRegion = English;
			hasScannedForEncodings = 0;
			knownRegions = (
				en,
				Base,
			);
			mainGroup = 6D485D391C2BBBB9003DB9C0;
			productRefGroup = 6D485D431C2BBBBA003DB9C0 /* Products */;
			projectDirPath = "";
			projectRoot = "";
			targets = (
				6D485D411C2BBBB9003DB9C0 /* TipTap */,
			);
		};
/* End PBXProject section */

/* Begin PBXResourcesBuildPhase section */
		6D485D401C2BBBB9003DB9C0 /* Resources */ = {
			isa = PBXResourcesBuildPhase;
			buildActionMask = 2147483647;
			files = (
				6D485D4B1C2BBBBA003DB9C0 /* Main.storyboard in Resources */,
				6D9506061C32602600614EF3 /* TipCalculatorModel.swift in Resources */,
				6D485D501C2BBBBA003DB9C0 /* LaunchScreen.storyboard in Resources */,
				6D485D4D1C2BBBBA003DB9C0 /* Assets.xcassets in Resources */,
			);
			runOnlyForDeploymentPostprocessing = 0;
		};
/* End PBXResourcesBuildPhase section */

/* Begin PBXSourcesBuildPhase section */
		6D485D3E1C2BBBB9003DB9C0 /* Sources */ = {
			isa = PBXSourcesBuildPhase;
			buildActionMask = 2147483647;
			files = (
				6DE3574E1C2BCC6700820AB7 /* TipCalculatorModel.swift in Sources */,
				6D485D481C2BBBBA003DB9C0 /* ViewController.swift in Sources */,
				6D485D461C2BBBBA003DB9C0 /* AppDelegate.swift in Sources */,
				6D983E2C1C35DB2A001DF9A3 /* SettingsViewController.swift in Sources */,
			);
			runOnlyForDeploymentPostprocessing = 0;
		};
/* End PBXSourcesBuildPhase section */

/* Begin PBXVariantGroup section */
		6D485D491C2BBBBA003DB9C0 /* Main.storyboard */ = {
			isa = PBXVariantGroup;
			children = (
				6D485D4A1C2BBBBA003DB9C0 /* Base */,
			);
			name = Main.storyboard;
			sourceTree = "<group>";
		};
		6D485D4E1C2BBBBA003DB9C0 /* LaunchScreen.storyboard */ = {
			isa = PBXVariantGroup;
			children = (
				6D485D4F1C2BBBBA003DB9C0 /* Base */,
			);
			name = LaunchScreen.storyboard;
			sourceTree = "<group>";
		};
/* End PBXVariantGroup section */

/* Begin XCBuildConfiguration section */
		6D485D521C2BBBBA003DB9C0 /* Debug */ = {
			isa = XCBuildConfiguration;
			buildSettings = {
				ALWAYS_SEARCH_USER_PATHS = NO;
				CLANG_CXX_LANGUAGE_STANDARD = "gnu++0x";
				CLANG_CXX_LIBRARY = "libc++";
				CLANG_ENABLE_MODULES = YES;
				CLANG_ENABLE_OBJC_ARC = YES;
				CLANG_WARN_BOOL_CONVERSION = YES;
				CLANG_WARN_CONSTANT_CONVERSION = YES;
				CLANG_WARN_DIRECT_OBJC_ISA_USAGE = YES_ERROR;
				CLANG_WARN_EMPTY_BODY = YES;
				CLANG_WARN_ENUM_CONVERSION = YES;
				CLANG_WARN_INT_CONVERSION = YES;
				CLANG_WARN_OBJC_ROOT_CLASS = YES_ERROR;
				CLANG_WARN_UNREACHABLE_CODE = YES;
				CLANG_WARN__DUPLICATE_METHOD_MATCH = YES;
				"CODE_SIGN_IDENTITY[sdk=iphoneos*]" = "iPhone Developer";
				COPY_PHASE_STRIP = NO;
				DEBUG_INFORMATION_FORMAT = dwarf;
				ENABLE_STRICT_OBJC_MSGSEND = YES;
				ENABLE_TESTABILITY = YES;
				GCC_C_LANGUAGE_STANDARD = gnu99;
				GCC_DYNAMIC_NO_PIC = NO;
				GCC_NO_COMMON_BLOCKS = YES;
				GCC_OPTIMIZATION_LEVEL = 0;
				GCC_PREPROCESSOR_DEFINITIONS = (
					"DEBUG=1",
					"$(inherited)",
				);
				GCC_WARN_64_TO_32_BIT_CONVERSION = YES;
				GCC_WARN_ABOUT_RETURN_TYPE = YES_ERROR;
				GCC_WARN_UNDECLARED_SELECTOR = YES;
				GCC_WARN_UNINITIALIZED_AUTOS = YES_AGGRESSIVE;
				GCC_WARN_UNUSED_FUNCTION = YES;
				GCC_WARN_UNUSED_VARIABLE = YES;
				IPHONEOS_DEPLOYMENT_TARGET = 9.2;
				MTL_ENABLE_DEBUG_INFO = YES;
				ONLY_ACTIVE_ARCH = YES;
				SDKROOT = iphoneos;
				SWIFT_OPTIMIZATION_LEVEL = "-Onone";
			};
			name = Debug;
		};
		6D485D531C2BBBBA003DB9C0 /* Release */ = {
			isa = XCBuildConfiguration;
			buildSettings = {
				ALWAYS_SEARCH_USER_PATHS = NO;
				CLANG_CXX_LANGUAGE_STANDARD = "gnu++0x";
				CLANG_CXX_LIBRARY = "libc++";
				CLANG_ENABLE_MODULES = YES;
				CLANG_ENABLE_OBJC_ARC = YES;
				CLANG_WARN_BOOL_CONVERSION = YES;
				CLANG_WARN_CONSTANT_CONVERSION = YES;
				CLANG_WARN_DIRECT_OBJC_ISA_USAGE = YES_ERROR;
				CLANG_WARN_EMPTY_BODY = YES;
				CLANG_WARN_ENUM_CONVERSION = YES;
				CLANG_WARN_INT_CONVERSION = YES;
				CLANG_WARN_OBJC_ROOT_CLASS = YES_ERROR;
				CLANG_WARN_UNREACHABLE_CODE = YES;
				CLANG_WARN__DUPLICATE_METHOD_MATCH = YES;
				"CODE_SIGN_IDENTITY[sdk=iphoneos*]" = "iPhone Developer";
				COPY_PHASE_STRIP = NO;
				DEBUG_INFORMATION_FORMAT = "dwarf-with-dsym";
				ENABLE_NS_ASSERTIONS = NO;
				ENABLE_STRICT_OBJC_MSGSEND = YES;
				GCC_C_LANGUAGE_STANDARD = gnu99;
				GCC_NO_COMMON_BLOCKS = YES;
				GCC_WARN_64_TO_32_BIT_CONVERSION = YES;
				GCC_WARN_ABOUT_RETURN_TYPE = YES_ERROR;
				GCC_WARN_UNDECLARED_SELECTOR = YES;
				GCC_WARN_UNINITIALIZED_AUTOS = YES_AGGRESSIVE;
				GCC_WARN_UNUSED_FUNCTION = YES;
				GCC_WARN_UNUSED_VARIABLE = YES;
				IPHONEOS_DEPLOYMENT_TARGET = 9.2;
				MTL_ENABLE_DEBUG_INFO = NO;
				SDKROOT = iphoneos;
				VALIDATE_PRODUCT = YES;
			};
			name = Release;
		};
		6D485D551C2BBBBA003DB9C0 /* Debug */ = {
			isa = XCBuildConfiguration;
			buildSettings = {
				ASSETCATALOG_COMPILER_APPICON_NAME = AppIcon;
				CODE_SIGN_IDENTITY = "iPhone Developer";
				"CODE_SIGN_IDENTITY[sdk=iphoneos*]" = "iPhone Developer";
				INFOPLIST_FILE = TipCalculator/Info.plist;
				LD_RUNPATH_SEARCH_PATHS = "$(inherited) @executable_path/Frameworks";
				PRODUCT_BUNDLE_IDENTIFIER = codepath.com.TipCalculator;
				PRODUCT_NAME = TipTap;
				PROVISIONING_PROFILE = "";
			};
			name = Debug;
		};
		6D485D561C2BBBBA003DB9C0 /* Release */ = {
			isa = XCBuildConfiguration;
			buildSettings = {
				ASSETCATALOG_COMPILER_APPICON_NAME = AppIcon;
				CODE_SIGN_IDENTITY = "iPhone Developer";
				"CODE_SIGN_IDENTITY[sdk=iphoneos*]" = "iPhone Developer";
				INFOPLIST_FILE = TipCalculator/Info.plist;
				LD_RUNPATH_SEARCH_PATHS = "$(inherited) @executable_path/Frameworks";
				PRODUCT_BUNDLE_IDENTIFIER = codepath.com.TipCalculator;
				PRODUCT_NAME = TipTap;
				PROVISIONING_PROFILE = "";
			};
			name = Release;
		};
/* End XCBuildConfiguration section */

/* Begin XCConfigurationList section */
		6D485D3D1C2BBBB9003DB9C0 /* Build configuration list for PBXProject "TipTap" */ = {
			isa = XCConfigurationList;
			buildConfigurations = (
				6D485D521C2BBBBA003DB9C0 /* Debug */,
				6D485D531C2BBBBA003DB9C0 /* Release */,
			);
			defaultConfigurationIsVisible = 0;
			defaultConfigurationName = Release;
		};
		6D485D541C2BBBBA003DB9C0 /* Build configuration list for PBXNativeTarget "TipTap" */ = {
			isa = XCConfigurationList;
			buildConfigurations = (
				6D485D551C2BBBBA003DB9C0 /* Debug */,
				6D485D561C2BBBBA003DB9C0 /* Release */,
			);
			defaultConfigurationIsVisible = 0;
			defaultConfigurationName = Release;
		};
/* End XCConfigurationList section */
	};
	rootObject = 6D485D3A1C2BBBB9003DB9C0 /* Project object */;
}
